
Microsoft Visual Studio Solution File, Format Version 12.00
# Visual Studio Version 16
VisualStudioVersion = 16.0.31112.23
MinimumVisualStudioVersion = 10.0.40219.1
Project("{FAE04EC0-301F-11D3-BF4B-00C04F79EFBC}") = "Assembly-CSharp", "Assembly-CSharp.csproj", "{7A8874E4-E5D2-BD33-F28D-6113BB20B0AB}"
EndProject
Project("{FAE04EC0-301F-11D3-BF4B-00C04F79EFBC}") = "Assembly-CSharp-Editor", "Assembly-CSharp-Editor.csproj", "{F424AFF1-BE7B-06A5-A1C4-1E32EB96A575}"
EndProject
Global
	GlobalSection(SolutionConfigurationPlatforms) = preSolution
		Debug|Any CPU = Debug|Any CPU
		Release|Any CPU = Release|Any CPU
	EndGlobalSection
	GlobalSection(ProjectConfigurationPlatforms) = postSolution
		{7A8874E4-E5D2-BD33-F28D-6113BB20B0AB}.Debug|Any CPU.ActiveCfg = Debug|Any CPU
		{7A8874E4-E5D2-BD33-F28D-6113BB20B0AB}.Debug|Any CPU.Build.0 = Debug|Any CPU
		{7A8874E4-E5D2-BD33-F28D-6113BB20B0AB}.Release|Any CPU.ActiveCfg = Release|Any CPU
		{7A8874E4-E5D2-BD33-F28D-6113BB20B0AB}.Release|Any CPU.Build.0 = Release|Any CPU
		{F424AFF1-BE7B-06A5-A1C4-1E32EB96A575}.Debug|Any CPU.ActiveCfg = Debug|Any CPU
		{F424AFF1-BE7B-06A5-A1C4-1E32EB96A575}.Debug|Any CPU.Build.0 = Debug|Any CPU
		{F424AFF1-BE7B-06A5-A1C4-1E32EB96A575}.Release|Any CPU.ActiveCfg = Release|Any CPU
		{F424AFF1-BE7B-06A5-A1C4-1E32EB96A575}.Release|Any CPU.Build.0 = Release|Any CPU
	EndGlobalSection
	GlobalSection(SolutionProperties) = preSolution
		HideSolutionNode = FALSE
	EndGlobalSection
	GlobalSection(ExtensibilityGlobals) = postSolution
		SolutionGuid = {56950C8C-7C43-42BC-830B-1737D17759FC}
	EndGlobalSection
EndGlobal
